
Microsoft Visual Studio Solution File, Format Version 12.00
# Visual Studio 16
VisualStudioVersion = 16.10.31424.327
MinimumVisualStudioVersion = 10.0.40219.1
Project("{FAE04EC0-301F-11D3-BF4B-00C04F79EFBC}") = "Origami", "Origami\Origami.csproj", "{13A45C13-3265-47B8-BC48-A553B569DF55}"
	ProjectSection(ProjectDependencies) = postProject
		{0e36398d-44fb-46a3-95cf-ddecdbf68501} = {0e36398d-44fb-46a3-95cf-ddecdbf68501}
		{52a58ac8-7fe2-40a6-a874-47b456a12c6a} = {52a58ac8-7fe2-40a6-a874-47b456a12c6a}
		{a417bfc6-5bf1-4fb6-b57a-633bedbde9c9} = {a417bfc6-5bf1-4fb6-b57a-633bedbde9c9}
		{b6e7d814-c1ec-4bee-a2fa-3bb9c43164f2} = {b6e7d814-c1ec-4bee-a2fa-3bb9c43164f2}
		{8cd004dd-7941-407d-859c-0281b84c9c5c} = {8cd004dd-7941-407d-859c-0281b84c9c5c}
	EndProjectSection
EndProject
Project("{FAE04EC0-301F-11D3-BF4B-00C04F79EFBC}") = "Unity.TextMeshPro", "C:\Users\FHBBook\Documents\Unity_Projects\HolographicAcademy-Holograms-101\HolographicAcademy-Holograms-101\Origami\App\GeneratedProjects\UWP\Unity.TextMeshPro\Unity.TextMeshPro.csproj", "{0e36398d-44fb-46a3-95cf-ddecdbf68501}"
EndProject
Project("{FAE04EC0-301F-11D3-BF4B-00C04F79EFBC}") = "UnityEngine.Purchasing", "C:\Users\FHBBook\Documents\Unity_Projects\HolographicAcademy-Holograms-101\HolographicAcademy-Holograms-101\Origami\App\GeneratedProjects\UWP\UnityEngine.Purchasing\UnityEngine.Purchasing.csproj", "{52a58ac8-7fe2-40a6-a874-47b456a12c6a}"
EndProject
Project("{FAE04EC0-301F-11D3-BF4B-00C04F79EFBC}") = "Unity.Analytics.DataPrivacy", "C:\Users\FHBBook\Documents\Unity_Projects\HolographicAcademy-Holograms-101\HolographicAcademy-Holograms-101\Origami\App\GeneratedProjects\UWP\Unity.Analytics.DataPrivacy\Unity.Analytics.DataPrivacy.csproj", "{a417bfc6-5bf1-4fb6-b57a-633bedbde9c9}"
EndProject
Project("{FAE04EC0-301F-11D3-BF4B-00C04F79EFBC}") = "Assembly-CSharp", "C:\Users\FHBBook\Documents\Unity_Projects\HolographicAcademy-Holograms-101\HolographicAcademy-Holograms-101\Origami\App\GeneratedProjects\UWP\Assembly-CSharp\Assembly-CSharp.csproj", "{b6e7d814-c1ec-4bee-a2fa-3bb9c43164f2}"
EndProject
Project("{FAE04EC0-301F-11D3-BF4B-00C04F79EFBC}") = "Unity.XR.WindowsMR", "C:\Users\FHBBook\Documents\Unity_Projects\HolographicAcademy-Holograms-101\HolographicAcademy-Holograms-101\Origami\App\GeneratedProjects\UWP\Unity.XR.WindowsMR\Unity.XR.WindowsMR.csproj", "{8cd004dd-7941-407d-859c-0281b84c9c5c}"
EndProject
Global
	GlobalSection(SolutionConfigurationPlatforms) = preSolution
		Debug|ARM = Debug|ARM
		Debug|x64 = Debug|x64
		Debug|x86 = Debug|x86
		Master|ARM = Master|ARM
		Master|x64 = Master|x64
		Master|x86 = Master|x86
		Release|ARM = Release|ARM
		Release|x64 = Release|x64
		Release|x86 = Release|x86
	EndGlobalSection
	GlobalSection(ProjectConfigurationPlatforms) = postSolution
		{13A45C13-3265-47B8-BC48-A553B569DF55}.Debug|ARM.ActiveCfg = Debug|ARM
		{13A45C13-3265-47B8-BC48-A553B569DF55}.Debug|ARM.Build.0 = Debug|ARM
		{13A45C13-3265-47B8-BC48-A553B569DF55}.Debug|ARM.Deploy.0 = Debug|ARM
		{13A45C13-3265-47B8-BC48-A553B569DF55}.Debug|x64.ActiveCfg = Debug|x64
		{13A45C13-3265-47B8-BC48-A553B569DF55}.Debug|x64.Build.0 = Debug|x64
		{13A45C13-3265-47B8-BC48-A553B569DF55}.Debug|x64.Deploy.0 = Debug|x64
		{13A45C13-3265-47B8-BC48-A553B569DF55}.Debug|x86.ActiveCfg = Debug|x86
		{13A45C13-3265-47B8-BC48-A553B569DF55}.Debug|x86.Build.0 = Debug|x86
		{13A45C13-3265-47B8-BC48-A553B569DF55}.Debug|x86.Deploy.0 = Debug|x86
		{13A45C13-3265-47B8-BC48-A553B569DF55}.Master|ARM.ActiveCfg = Master|ARM
		{13A45C13-3265-47B8-BC48-A553B569DF55}.Master|ARM.Build.0 = Master|ARM
		{13A45C13-3265-47B8-BC48-A553B569DF55}.Master|ARM.Deploy.0 = Master|ARM
		{13A45C13-3265-47B8-BC48-A553B569DF55}.Master|x64.ActiveCfg = Master|x64
		{13A45C13-3265-47B8-BC48-A553B569DF55}.Master|x64.Build.0 = Master|x64
		{13A45C13-3265-47B8-BC48-A553B569DF55}.Master|x64.Deploy.0 = Master|x64
		{13A45C13-3265-47B8-BC48-A553B569DF55}.Master|x86.ActiveCfg = Master|x86
		{13A45C13-3265-47B8-BC48-A553B569DF55}.Master|x86.Build.0 = Master|x86
		{13A45C13-3265-47B8-BC48-A553B569DF55}.Master|x86.Deploy.0 = Master|x86
		{13A45C13-3265-47B8-BC48-A553B569DF55}.Release|ARM.ActiveCfg = Release|ARM
		{13A45C13-3265-47B8-BC48-A553B569DF55}.Release|ARM.Build.0 = Release|ARM
		{13A45C13-3265-47B8-BC48-A553B569DF55}.Release|ARM.Deploy.0 = Release|ARM
		{13A45C13-3265-47B8-BC48-A553B569DF55}.Release|x64.ActiveCfg = Release|x64
		{13A45C13-3265-47B8-BC48-A553B569DF55}.Release|x64.Build.0 = Release|x64
		{13A45C13-3265-47B8-BC48-A553B569DF55}.Release|x64.Deploy.0 = Release|x64
		{13A45C13-3265-47B8-BC48-A553B569DF55}.Release|x86.ActiveCfg = Release|x86
		{13A45C13-3265-47B8-BC48-A553B569DF55}.Release|x86.Build.0 = Release|x86
		{13A45C13-3265-47B8-BC48-A553B569DF55}.Release|x86.Deploy.0 = Release|x86
		{0e36398d-44fb-46a3-95cf-ddecdbf68501}.Debug|x86.ActiveCfg = Debug|x86
		{0e36398d-44fb-46a3-95cf-ddecdbf68501}.Debug|x86.Build.0 = Debug|x86
		{0e36398d-44fb-46a3-95cf-ddecdbf68501}.Release|x86.ActiveCfg = Release|x86
		{0e36398d-44fb-46a3-95cf-ddecdbf68501}.Release|x86.Build.0 = Release|x86
		{0e36398d-44fb-46a3-95cf-ddecdbf68501}.Master|x86.ActiveCfg = Master|x86
		{0e36398d-44fb-46a3-95cf-ddecdbf68501}.Master|x86.Build.0 = Master|x86
		{0e36398d-44fb-46a3-95cf-ddecdbf68501}.Debug|x64.ActiveCfg = Debug|x64
		{0e36398d-44fb-46a3-95cf-ddecdbf68501}.Debug|x64.Build.0 = Debug|x64
		{0e36398d-44fb-46a3-95cf-ddecdbf68501}.Release|x64.ActiveCfg = Release|x64
		{0e36398d-44fb-46a3-95cf-ddecdbf68501}.Release|x64.Build.0 = Release|x64
		{0e36398d-44fb-46a3-95cf-ddecdbf68501}.Master|x64.ActiveCfg = Master|x64
		{0e36398d-44fb-46a3-95cf-ddecdbf68501}.Master|x64.Build.0 = Master|x64
		{0e36398d-44fb-46a3-95cf-ddecdbf68501}.Debug|ARM.ActiveCfg = Debug|ARM
		{0e36398d-44fb-46a3-95cf-ddecdbf68501}.Debug|ARM.Build.0 = Debug|ARM
		{0e36398d-44fb-46a3-95cf-ddecdbf68501}.Release|ARM.ActiveCfg = Release|ARM
		{0e36398d-44fb-46a3-95cf-ddecdbf68501}.Release|ARM.Build.0 = Release|ARM
		{0e36398d-44fb-46a3-95cf-ddecdbf68501}.Master|ARM.ActiveCfg = Master|ARM
		{0e36398d-44fb-46a3-95cf-ddecdbf68501}.Master|ARM.Build.0 = Master|ARM
		{52a58ac8-7fe2-40a6-a874-47b456a12c6a}.Debug|x86.ActiveCfg = Debug|x86
		{52a58ac8-7fe2-40a6-a874-47b456a12c6a}.Debug|x86.Build.0 = Debug|x86
		{52a58ac8-7fe2-40a6-a874-47b456a12c6a}.Release|x86.ActiveCfg = Release|x86
		{52a58ac8-7fe2-40a6-a874-47b456a12c6a}.Release|x86.Build.0 = Release|x86
		{52a58ac8-7fe2-40a6-a874-47b456a12c6a}.Master|x86.ActiveCfg = Master|x86
		{52a58ac8-7fe2-40a6-a874-47b456a12c6a}.Master|x86.Build.0 = Master|x86
		{52a58ac8-7fe2-40a6-a874-47b456a12c6a}.Debug|x64.ActiveCfg = Debug|x64
		{52a58ac8-7fe2-40a6-a874-47b456a12c6a}.Debug|x64.Build.0 = Debug|x64
		{52a58ac8-7fe2-40a6-a874-47b456a12c6a}.Release|x64.ActiveCfg = Release|x64
		{52a58ac8-7fe2-40a6-a874-47b456a12c6a}.Release|x64.Build.0 = Release|x64
		{52a58ac8-7fe2-40a6-a874-47b456a12c6a}.Master|x64.ActiveCfg = Master|x64
		{52a58ac8-7fe2-40a6-a874-47b456a12c6a}.Master|x64.Build.0 = Master|x64
		{52a58ac8-7fe2-40a6-a874-47b456a12c6a}.Debug|ARM.ActiveCfg = Debug|ARM
		{52a58ac8-7fe2-40a6-a874-47b456a12c6a}.Debug|ARM.Build.0 = Debug|ARM
		{52a58ac8-7fe2-40a6-a874-47b456a12c6a}.Release|ARM.ActiveCfg = Release|ARM
		{52a58ac8-7fe2-40a6-a874-47b456a12c6a}.Release|ARM.Build.0 = Release|ARM
		{52a58ac8-7fe2-40a6-a874-47b456a12c6a}.Master|ARM.ActiveCfg = Master|ARM
		{52a58ac8-7fe2-40a6-a874-47b456a12c6a}.Master|ARM.Build.0 = Master|ARM
		{a417bfc6-5bf1-4fb6-b57a-633bedbde9c9}.Debug|x86.ActiveCfg = Debug|x86
		{a417bfc6-5bf1-4fb6-b57a-633bedbde9c9}.Debug|x86.Build.0 = Debug|x86
		{a417bfc6-5bf1-4fb6-b57a-633bedbde9c9}.Release|x86.ActiveCfg = Release|x86
		{a417bfc6-5bf1-4fb6-b57a-633bedbde9c9}.Release|x86.Build.0 = Release|x86
		{a417bfc6-5bf1-4fb6-b57a-633bedbde9c9}.Master|x86.ActiveCfg = Master|x86
		{a417bfc6-5bf1-4fb6-b57a-633bedbde9c9}.Master|x86.Build.0 = Master|x86
		{a417bfc6-5bf1-4fb6-b57a-633bedbde9c9}.Debug|x64.ActiveCfg = Debug|x64
		{a417bfc6-5bf1-4fb6-b57a-633bedbde9c9}.Debug|x64.Build.0 = Debug|x64
		{a417bfc6-5bf1-4fb6-b57a-633bedbde9c9}.Release|x64.ActiveCfg = Release|x64
		{a417bfc6-5bf1-4fb6-b57a-633bedbde9c9}.Release|x64.Build.0 = Release|x64
		{a417bfc6-5bf1-4fb6-b57a-633bedbde9c9}.Master|x64.ActiveCfg = Master|x64
		{a417bfc6-5bf1-4fb6-b57a-633bedbde9c9}.Master|x64.Build.0 = Master|x64
		{a417bfc6-5bf1-4fb6-b57a-633bedbde9c9}.Debug|ARM.ActiveCfg = Debug|ARM
		{a417bfc6-5bf1-4fb6-b57a-633bedbde9c9}.Debug|ARM.Build.0 = Debug|ARM
		{a417bfc6-5bf1-4fb6-b57a-633bedbde9c9}.Release|ARM.ActiveCfg = Release|ARM
		{a417bfc6-5bf1-4fb6-b57a-633bedbde9c9}.Release|ARM.Build.0 = Release|ARM
		{a417bfc6-5bf1-4fb6-b57a-633bedbde9c9}.Master|ARM.ActiveCfg = Master|ARM
		{a417bfc6-5bf1-4fb6-b57a-633bedbde9c9}.Master|ARM.Build.0 = Master|ARM
		{b6e7d814-c1ec-4bee-a2fa-3bb9c43164f2}.Debug|x86.ActiveCfg = Debug|x86
		{b6e7d814-c1ec-4bee-a2fa-3bb9c43164f2}.Debug|x86.Build.0 = Debug|x86
		{b6e7d814-c1ec-4bee-a2fa-3bb9c43164f2}.Release|x86.ActiveCfg = Release|x86
		{b6e7d814-c1ec-4bee-a2fa-3bb9c43164f2}.Release|x86.Build.0 = Release|x86
		{b6e7d814-c1ec-4bee-a2fa-3bb9c43164f2}.Master|x86.ActiveCfg = Master|x86
		{b6e7d814-c1ec-4bee-a2fa-3bb9c43164f2}.Master|x86.Build.0 = Master|x86
		{b6e7d814-c1ec-4bee-a2fa-3bb9c43164f2}.Debug|x64.ActiveCfg = Debug|x64
		{b6e7d814-c1ec-4bee-a2fa-3bb9c43164f2}.Debug|x64.Build.0 = Debug|x64
		{b6e7d814-c1ec-4bee-a2fa-3bb9c43164f2}.Release|x64.ActiveCfg = Release|x64
		{b6e7d814-c1ec-4bee-a2fa-3bb9c43164f2}.Release|x64.Build.0 = Release|x64
		{b6e7d814-c1ec-4bee-a2fa-3bb9c43164f2}.Master|x64.ActiveCfg = Master|x64
		{b6e7d814-c1ec-4bee-a2fa-3bb9c43164f2}.Master|x64.Build.0 = Master|x64
		{b6e7d814-c1ec-4bee-a2fa-3bb9c43164f2}.Debug|ARM.ActiveCfg = Debug|ARM
		{b6e7d814-c1ec-4bee-a2fa-3bb9c43164f2}.Debug|ARM.Build.0 = Debug|ARM
		{b6e7d814-c1ec-4bee-a2fa-3bb9c43164f2}.Release|ARM.ActiveCfg = Release|ARM
		{b6e7d814-c1ec-4bee-a2fa-3bb9c43164f2}.Release|ARM.Build.0 = Release|ARM
		{b6e7d814-c1ec-4bee-a2fa-3bb9c43164f2}.Master|ARM.ActiveCfg = Master|ARM
		{b6e7d814-c1ec-4bee-a2fa-3bb9c43164f2}.Master|ARM.Build.0 = Master|ARM
		{8cd004dd-7941-407d-859c-0281b84c9c5c}.Debug|x86.ActiveCfg = Debug|x86
		{8cd004dd-7941-407d-859c-0281b84c9c5c}.Debug|x86.Build.0 = Debug|x86
		{8cd004dd-7941-407d-859c-0281b84c9c5c}.Release|x86.ActiveCfg = Release|x86
		{8cd004dd-7941-407d-859c-0281b84c9c5c}.Release|x86.Build.0 = Release|x86
		{8cd004dd-7941-407d-859c-0281b84c9c5c}.Master|x86.ActiveCfg = Master|x86
		{8cd004dd-7941-407d-859c-0281b84c9c5c}.Master|x86.Build.0 = Master|x86
		{8cd004dd-7941-407d-859c-0281b84c9c5c}.Debug|x64.ActiveCfg = Debug|x64
		{8cd004dd-7941-407d-859c-0281b84c9c5c}.Debug|x64.Build.0 = Debug|x64
		{8cd004dd-7941-407d-859c-0281b84c9c5c}.Release|x64.ActiveCfg = Release|x64
		{8cd004dd-7941-407d-859c-0281b84c9c5c}.Release|x64.Build.0 = Release|x64
		{8cd004dd-7941-407d-859c-0281b84c9c5c}.Master|x64.ActiveCfg = Master|x64
		{8cd004dd-7941-407d-859c-0281b84c9c5c}.Master|x64.Build.0 = Master|x64
		{8cd004dd-7941-407d-859c-0281b84c9c5c}.Debug|ARM.ActiveCfg = Debug|ARM
		{8cd004dd-7941-407d-859c-0281b84c9c5c}.Debug|ARM.Build.0 = Debug|ARM
		{8cd004dd-7941-407d-859c-0281b84c9c5c}.Release|ARM.ActiveCfg = Release|ARM
		{8cd004dd-7941-407d-859c-0281b84c9c5c}.Release|ARM.Build.0 = Release|ARM
		{8cd004dd-7941-407d-859c-0281b84c9c5c}.Master|ARM.ActiveCfg = Master|ARM
		{8cd004dd-7941-407d-859c-0281b84c9c5c}.Master|ARM.Build.0 = Master|ARM
 EndGlobalSection
	GlobalSection(SolutionProperties) = preSolution
		HideSolutionNode = FALSE
	EndGlobalSection
EndGlobal
