
Microsoft Visual Studio Solution File, Format Version 12.00
# Visual Studio 16
VisualStudioVersion = 16.10.31424.327
MinimumVisualStudioVersion = 10.0.40219.1
Project("{FAE04EC0-301F-11D3-BF4B-00C04F79EFBC}") = "Origami", "Origami\Origami.csproj", "{13A45C13-3265-47B8-BC48-A553B569DF55}"
	ProjectSection(ProjectDependencies) = postProject
		{d3195b79-a9f2-40e1-86bb-a7a15a1c4a10} = {d3195b79-a9f2-40e1-86bb-a7a15a1c4a10}
		{9153e51d-c830-4683-ba10-fbd99ee3800c} = {9153e51d-c830-4683-ba10-fbd99ee3800c}
		{eb2e7ea6-7c68-4462-822c-f004a9f462ba} = {eb2e7ea6-7c68-4462-822c-f004a9f462ba}
		{5ff5ab4a-6283-48cc-af50-e93f2bbaa1b2} = {5ff5ab4a-6283-48cc-af50-e93f2bbaa1b2}
		{401787ef-4d3e-4485-b895-060756d9eefe} = {401787ef-4d3e-4485-b895-060756d9eefe}
	EndProjectSection
EndProject
Project("{FAE04EC0-301F-11D3-BF4B-00C04F79EFBC}") = "Unity.TextMeshPro", "C:\Users\FHBBook\Documents\Unity_Projects\HolographicAcademy-Holograms-101\HolographicAcademy-Holograms-101\Origami\App\GeneratedProjects\UWP\Unity.TextMeshPro\Unity.TextMeshPro.csproj", "{d3195b79-a9f2-40e1-86bb-a7a15a1c4a10}"
EndProject
Project("{FAE04EC0-301F-11D3-BF4B-00C04F79EFBC}") = "UnityEngine.Purchasing", "C:\Users\FHBBook\Documents\Unity_Projects\HolographicAcademy-Holograms-101\HolographicAcademy-Holograms-101\Origami\App\GeneratedProjects\UWP\UnityEngine.Purchasing\UnityEngine.Purchasing.csproj", "{9153e51d-c830-4683-ba10-fbd99ee3800c}"
EndProject
Project("{FAE04EC0-301F-11D3-BF4B-00C04F79EFBC}") = "Unity.Analytics.DataPrivacy", "C:\Users\FHBBook\Documents\Unity_Projects\HolographicAcademy-Holograms-101\HolographicAcademy-Holograms-101\Origami\App\GeneratedProjects\UWP\Unity.Analytics.DataPrivacy\Unity.Analytics.DataPrivacy.csproj", "{eb2e7ea6-7c68-4462-822c-f004a9f462ba}"
EndProject
Project("{FAE04EC0-301F-11D3-BF4B-00C04F79EFBC}") = "Assembly-CSharp", "C:\Users\FHBBook\Documents\Unity_Projects\HolographicAcademy-Holograms-101\HolographicAcademy-Holograms-101\Origami\App\GeneratedProjects\UWP\Assembly-CSharp\Assembly-CSharp.csproj", "{5ff5ab4a-6283-48cc-af50-e93f2bbaa1b2}"
EndProject
Project("{FAE04EC0-301F-11D3-BF4B-00C04F79EFBC}") = "Unity.XR.WindowsMR", "C:\Users\FHBBook\Documents\Unity_Projects\HolographicAcademy-Holograms-101\HolographicAcademy-Holograms-101\Origami\App\GeneratedProjects\UWP\Unity.XR.WindowsMR\Unity.XR.WindowsMR.csproj", "{401787ef-4d3e-4485-b895-060756d9eefe}"
EndProject
Global
	GlobalSection(SolutionConfigurationPlatforms) = preSolution
		Debug|ARM = Debug|ARM
		Debug|x64 = Debug|x64
		Debug|x86 = Debug|x86
		Master|ARM = Master|ARM
		Master|x64 = Master|x64
		Master|x86 = Master|x86
		Release|ARM = Release|ARM
		Release|x64 = Release|x64
		Release|x86 = Release|x86
	EndGlobalSection
	GlobalSection(ProjectConfigurationPlatforms) = postSolution
		{13A45C13-3265-47B8-BC48-A553B569DF55}.Debug|ARM.ActiveCfg = Debug|ARM
		{13A45C13-3265-47B8-BC48-A553B569DF55}.Debug|ARM.Build.0 = Debug|ARM
		{13A45C13-3265-47B8-BC48-A553B569DF55}.Debug|ARM.Deploy.0 = Debug|ARM
		{13A45C13-3265-47B8-BC48-A553B569DF55}.Debug|x64.ActiveCfg = Debug|x64
		{13A45C13-3265-47B8-BC48-A553B569DF55}.Debug|x64.Build.0 = Debug|x64
		{13A45C13-3265-47B8-BC48-A553B569DF55}.Debug|x64.Deploy.0 = Debug|x64
		{13A45C13-3265-47B8-BC48-A553B569DF55}.Debug|x86.ActiveCfg = Debug|x86
		{13A45C13-3265-47B8-BC48-A553B569DF55}.Debug|x86.Build.0 = Debug|x86
		{13A45C13-3265-47B8-BC48-A553B569DF55}.Debug|x86.Deploy.0 = Debug|x86
		{13A45C13-3265-47B8-BC48-A553B569DF55}.Master|ARM.ActiveCfg = Master|ARM
		{13A45C13-3265-47B8-BC48-A553B569DF55}.Master|ARM.Build.0 = Master|ARM
		{13A45C13-3265-47B8-BC48-A553B569DF55}.Master|ARM.Deploy.0 = Master|ARM
		{13A45C13-3265-47B8-BC48-A553B569DF55}.Master|x64.ActiveCfg = Master|x64
		{13A45C13-3265-47B8-BC48-A553B569DF55}.Master|x64.Build.0 = Master|x64
		{13A45C13-3265-47B8-BC48-A553B569DF55}.Master|x64.Deploy.0 = Master|x64
		{13A45C13-3265-47B8-BC48-A553B569DF55}.Master|x86.ActiveCfg = Master|x86
		{13A45C13-3265-47B8-BC48-A553B569DF55}.Master|x86.Build.0 = Master|x86
		{13A45C13-3265-47B8-BC48-A553B569DF55}.Master|x86.Deploy.0 = Master|x86
		{13A45C13-3265-47B8-BC48-A553B569DF55}.Release|ARM.ActiveCfg = Release|ARM
		{13A45C13-3265-47B8-BC48-A553B569DF55}.Release|ARM.Build.0 = Release|ARM
		{13A45C13-3265-47B8-BC48-A553B569DF55}.Release|ARM.Deploy.0 = Release|ARM
		{13A45C13-3265-47B8-BC48-A553B569DF55}.Release|x64.ActiveCfg = Release|x64
		{13A45C13-3265-47B8-BC48-A553B569DF55}.Release|x64.Build.0 = Release|x64
		{13A45C13-3265-47B8-BC48-A553B569DF55}.Release|x64.Deploy.0 = Release|x64
		{13A45C13-3265-47B8-BC48-A553B569DF55}.Release|x86.ActiveCfg = Release|x86
		{13A45C13-3265-47B8-BC48-A553B569DF55}.Release|x86.Build.0 = Release|x86
		{13A45C13-3265-47B8-BC48-A553B569DF55}.Release|x86.Deploy.0 = Release|x86
		{d3195b79-a9f2-40e1-86bb-a7a15a1c4a10}.Debug|x86.ActiveCfg = Debug|x86
		{d3195b79-a9f2-40e1-86bb-a7a15a1c4a10}.Debug|x86.Build.0 = Debug|x86
		{d3195b79-a9f2-40e1-86bb-a7a15a1c4a10}.Release|x86.ActiveCfg = Release|x86
		{d3195b79-a9f2-40e1-86bb-a7a15a1c4a10}.Release|x86.Build.0 = Release|x86
		{d3195b79-a9f2-40e1-86bb-a7a15a1c4a10}.Master|x86.ActiveCfg = Master|x86
		{d3195b79-a9f2-40e1-86bb-a7a15a1c4a10}.Master|x86.Build.0 = Master|x86
		{d3195b79-a9f2-40e1-86bb-a7a15a1c4a10}.Debug|x64.ActiveCfg = Debug|x64
		{d3195b79-a9f2-40e1-86bb-a7a15a1c4a10}.Debug|x64.Build.0 = Debug|x64
		{d3195b79-a9f2-40e1-86bb-a7a15a1c4a10}.Release|x64.ActiveCfg = Release|x64
		{d3195b79-a9f2-40e1-86bb-a7a15a1c4a10}.Release|x64.Build.0 = Release|x64
		{d3195b79-a9f2-40e1-86bb-a7a15a1c4a10}.Master|x64.ActiveCfg = Master|x64
		{d3195b79-a9f2-40e1-86bb-a7a15a1c4a10}.Master|x64.Build.0 = Master|x64
		{d3195b79-a9f2-40e1-86bb-a7a15a1c4a10}.Debug|ARM.ActiveCfg = Debug|ARM
		{d3195b79-a9f2-40e1-86bb-a7a15a1c4a10}.Debug|ARM.Build.0 = Debug|ARM
		{d3195b79-a9f2-40e1-86bb-a7a15a1c4a10}.Release|ARM.ActiveCfg = Release|ARM
		{d3195b79-a9f2-40e1-86bb-a7a15a1c4a10}.Release|ARM.Build.0 = Release|ARM
		{d3195b79-a9f2-40e1-86bb-a7a15a1c4a10}.Master|ARM.ActiveCfg = Master|ARM
		{d3195b79-a9f2-40e1-86bb-a7a15a1c4a10}.Master|ARM.Build.0 = Master|ARM
		{9153e51d-c830-4683-ba10-fbd99ee3800c}.Debug|x86.ActiveCfg = Debug|x86
		{9153e51d-c830-4683-ba10-fbd99ee3800c}.Debug|x86.Build.0 = Debug|x86
		{9153e51d-c830-4683-ba10-fbd99ee3800c}.Release|x86.ActiveCfg = Release|x86
		{9153e51d-c830-4683-ba10-fbd99ee3800c}.Release|x86.Build.0 = Release|x86
		{9153e51d-c830-4683-ba10-fbd99ee3800c}.Master|x86.ActiveCfg = Master|x86
		{9153e51d-c830-4683-ba10-fbd99ee3800c}.Master|x86.Build.0 = Master|x86
		{9153e51d-c830-4683-ba10-fbd99ee3800c}.Debug|x64.ActiveCfg = Debug|x64
		{9153e51d-c830-4683-ba10-fbd99ee3800c}.Debug|x64.Build.0 = Debug|x64
		{9153e51d-c830-4683-ba10-fbd99ee3800c}.Release|x64.ActiveCfg = Release|x64
		{9153e51d-c830-4683-ba10-fbd99ee3800c}.Release|x64.Build.0 = Release|x64
		{9153e51d-c830-4683-ba10-fbd99ee3800c}.Master|x64.ActiveCfg = Master|x64
		{9153e51d-c830-4683-ba10-fbd99ee3800c}.Master|x64.Build.0 = Master|x64
		{9153e51d-c830-4683-ba10-fbd99ee3800c}.Debug|ARM.ActiveCfg = Debug|ARM
		{9153e51d-c830-4683-ba10-fbd99ee3800c}.Debug|ARM.Build.0 = Debug|ARM
		{9153e51d-c830-4683-ba10-fbd99ee3800c}.Release|ARM.ActiveCfg = Release|ARM
		{9153e51d-c830-4683-ba10-fbd99ee3800c}.Release|ARM.Build.0 = Release|ARM
		{9153e51d-c830-4683-ba10-fbd99ee3800c}.Master|ARM.ActiveCfg = Master|ARM
		{9153e51d-c830-4683-ba10-fbd99ee3800c}.Master|ARM.Build.0 = Master|ARM
		{eb2e7ea6-7c68-4462-822c-f004a9f462ba}.Debug|x86.ActiveCfg = Debug|x86
		{eb2e7ea6-7c68-4462-822c-f004a9f462ba}.Debug|x86.Build.0 = Debug|x86
		{eb2e7ea6-7c68-4462-822c-f004a9f462ba}.Release|x86.ActiveCfg = Release|x86
		{eb2e7ea6-7c68-4462-822c-f004a9f462ba}.Release|x86.Build.0 = Release|x86
		{eb2e7ea6-7c68-4462-822c-f004a9f462ba}.Master|x86.ActiveCfg = Master|x86
		{eb2e7ea6-7c68-4462-822c-f004a9f462ba}.Master|x86.Build.0 = Master|x86
		{eb2e7ea6-7c68-4462-822c-f004a9f462ba}.Debug|x64.ActiveCfg = Debug|x64
		{eb2e7ea6-7c68-4462-822c-f004a9f462ba}.Debug|x64.Build.0 = Debug|x64
		{eb2e7ea6-7c68-4462-822c-f004a9f462ba}.Release|x64.ActiveCfg = Release|x64
		{eb2e7ea6-7c68-4462-822c-f004a9f462ba}.Release|x64.Build.0 = Release|x64
		{eb2e7ea6-7c68-4462-822c-f004a9f462ba}.Master|x64.ActiveCfg = Master|x64
		{eb2e7ea6-7c68-4462-822c-f004a9f462ba}.Master|x64.Build.0 = Master|x64
		{eb2e7ea6-7c68-4462-822c-f004a9f462ba}.Debug|ARM.ActiveCfg = Debug|ARM
		{eb2e7ea6-7c68-4462-822c-f004a9f462ba}.Debug|ARM.Build.0 = Debug|ARM
		{eb2e7ea6-7c68-4462-822c-f004a9f462ba}.Release|ARM.ActiveCfg = Release|ARM
		{eb2e7ea6-7c68-4462-822c-f004a9f462ba}.Release|ARM.Build.0 = Release|ARM
		{eb2e7ea6-7c68-4462-822c-f004a9f462ba}.Master|ARM.ActiveCfg = Master|ARM
		{eb2e7ea6-7c68-4462-822c-f004a9f462ba}.Master|ARM.Build.0 = Master|ARM
		{5ff5ab4a-6283-48cc-af50-e93f2bbaa1b2}.Debug|x86.ActiveCfg = Debug|x86
		{5ff5ab4a-6283-48cc-af50-e93f2bbaa1b2}.Debug|x86.Build.0 = Debug|x86
		{5ff5ab4a-6283-48cc-af50-e93f2bbaa1b2}.Release|x86.ActiveCfg = Release|x86
		{5ff5ab4a-6283-48cc-af50-e93f2bbaa1b2}.Release|x86.Build.0 = Release|x86
		{5ff5ab4a-6283-48cc-af50-e93f2bbaa1b2}.Master|x86.ActiveCfg = Master|x86
		{5ff5ab4a-6283-48cc-af50-e93f2bbaa1b2}.Master|x86.Build.0 = Master|x86
		{5ff5ab4a-6283-48cc-af50-e93f2bbaa1b2}.Debug|x64.ActiveCfg = Debug|x64
		{5ff5ab4a-6283-48cc-af50-e93f2bbaa1b2}.Debug|x64.Build.0 = Debug|x64
		{5ff5ab4a-6283-48cc-af50-e93f2bbaa1b2}.Release|x64.ActiveCfg = Release|x64
		{5ff5ab4a-6283-48cc-af50-e93f2bbaa1b2}.Release|x64.Build.0 = Release|x64
		{5ff5ab4a-6283-48cc-af50-e93f2bbaa1b2}.Master|x64.ActiveCfg = Master|x64
		{5ff5ab4a-6283-48cc-af50-e93f2bbaa1b2}.Master|x64.Build.0 = Master|x64
		{5ff5ab4a-6283-48cc-af50-e93f2bbaa1b2}.Debug|ARM.ActiveCfg = Debug|ARM
		{5ff5ab4a-6283-48cc-af50-e93f2bbaa1b2}.Debug|ARM.Build.0 = Debug|ARM
		{5ff5ab4a-6283-48cc-af50-e93f2bbaa1b2}.Release|ARM.ActiveCfg = Release|ARM
		{5ff5ab4a-6283-48cc-af50-e93f2bbaa1b2}.Release|ARM.Build.0 = Release|ARM
		{5ff5ab4a-6283-48cc-af50-e93f2bbaa1b2}.Master|ARM.ActiveCfg = Master|ARM
		{5ff5ab4a-6283-48cc-af50-e93f2bbaa1b2}.Master|ARM.Build.0 = Master|ARM
		{401787ef-4d3e-4485-b895-060756d9eefe}.Debug|x86.ActiveCfg = Debug|x86
		{401787ef-4d3e-4485-b895-060756d9eefe}.Debug|x86.Build.0 = Debug|x86
		{401787ef-4d3e-4485-b895-060756d9eefe}.Release|x86.ActiveCfg = Release|x86
		{401787ef-4d3e-4485-b895-060756d9eefe}.Release|x86.Build.0 = Release|x86
		{401787ef-4d3e-4485-b895-060756d9eefe}.Master|x86.ActiveCfg = Master|x86
		{401787ef-4d3e-4485-b895-060756d9eefe}.Master|x86.Build.0 = Master|x86
		{401787ef-4d3e-4485-b895-060756d9eefe}.Debug|x64.ActiveCfg = Debug|x64
		{401787ef-4d3e-4485-b895-060756d9eefe}.Debug|x64.Build.0 = Debug|x64
		{401787ef-4d3e-4485-b895-060756d9eefe}.Release|x64.ActiveCfg = Release|x64
		{401787ef-4d3e-4485-b895-060756d9eefe}.Release|x64.Build.0 = Release|x64
		{401787ef-4d3e-4485-b895-060756d9eefe}.Master|x64.ActiveCfg = Master|x64
		{401787ef-4d3e-4485-b895-060756d9eefe}.Master|x64.Build.0 = Master|x64
		{401787ef-4d3e-4485-b895-060756d9eefe}.Debug|ARM.ActiveCfg = Debug|ARM
		{401787ef-4d3e-4485-b895-060756d9eefe}.Debug|ARM.Build.0 = Debug|ARM
		{401787ef-4d3e-4485-b895-060756d9eefe}.Release|ARM.ActiveCfg = Release|ARM
		{401787ef-4d3e-4485-b895-060756d9eefe}.Release|ARM.Build.0 = Release|ARM
		{401787ef-4d3e-4485-b895-060756d9eefe}.Master|ARM.ActiveCfg = Master|ARM
		{401787ef-4d3e-4485-b895-060756d9eefe}.Master|ARM.Build.0 = Master|ARM
 EndGlobalSection
	GlobalSection(SolutionProperties) = preSolution
		HideSolutionNode = FALSE
	EndGlobalSection
EndGlobal
