
Microsoft Visual Studio Solution File, Format Version 12.00
# Visual Studio 16
VisualStudioVersion = 16.10.31424.327
MinimumVisualStudioVersion = 10.0.40219.1
Project("{FAE04EC0-301F-11D3-BF4B-00C04F79EFBC}") = "Origami", "Origami\Origami.csproj", "{13A45C13-3265-47B8-BC48-A553B569DF55}"
	ProjectSection(ProjectDependencies) = postProject
		{d1ab3b32-3a7f-461a-8415-2a6d2947392d} = {d1ab3b32-3a7f-461a-8415-2a6d2947392d}
		{fab61abe-f80a-43a0-9627-b4b9d6409895} = {fab61abe-f80a-43a0-9627-b4b9d6409895}
		{4cb04368-ed38-49f6-9c88-071c991245c4} = {4cb04368-ed38-49f6-9c88-071c991245c4}
		{12d96cb0-4ae5-4ded-9ed7-24745d805e59} = {12d96cb0-4ae5-4ded-9ed7-24745d805e59}
		{3569fac5-41ca-4e8a-bec8-10c02badcd2b} = {3569fac5-41ca-4e8a-bec8-10c02badcd2b}
	EndProjectSection
EndProject
Project("{FAE04EC0-301F-11D3-BF4B-00C04F79EFBC}") = "Unity.TextMeshPro", "C:\Users\FHBBook\Documents\Unity_Projects\HolographicAcademy-Holograms-101\HolographicAcademy-Holograms-101\Origami\App\GeneratedProjects\UWP\Unity.TextMeshPro\Unity.TextMeshPro.csproj", "{d1ab3b32-3a7f-461a-8415-2a6d2947392d}"
EndProject
Project("{FAE04EC0-301F-11D3-BF4B-00C04F79EFBC}") = "UnityEngine.Purchasing", "C:\Users\FHBBook\Documents\Unity_Projects\HolographicAcademy-Holograms-101\HolographicAcademy-Holograms-101\Origami\App\GeneratedProjects\UWP\UnityEngine.Purchasing\UnityEngine.Purchasing.csproj", "{fab61abe-f80a-43a0-9627-b4b9d6409895}"
EndProject
Project("{FAE04EC0-301F-11D3-BF4B-00C04F79EFBC}") = "Unity.Analytics.DataPrivacy", "C:\Users\FHBBook\Documents\Unity_Projects\HolographicAcademy-Holograms-101\HolographicAcademy-Holograms-101\Origami\App\GeneratedProjects\UWP\Unity.Analytics.DataPrivacy\Unity.Analytics.DataPrivacy.csproj", "{4cb04368-ed38-49f6-9c88-071c991245c4}"
EndProject
Project("{FAE04EC0-301F-11D3-BF4B-00C04F79EFBC}") = "Assembly-CSharp", "C:\Users\FHBBook\Documents\Unity_Projects\HolographicAcademy-Holograms-101\HolographicAcademy-Holograms-101\Origami\App\GeneratedProjects\UWP\Assembly-CSharp\Assembly-CSharp.csproj", "{12d96cb0-4ae5-4ded-9ed7-24745d805e59}"
EndProject
Project("{FAE04EC0-301F-11D3-BF4B-00C04F79EFBC}") = "Unity.XR.WindowsMR", "C:\Users\FHBBook\Documents\Unity_Projects\HolographicAcademy-Holograms-101\HolographicAcademy-Holograms-101\Origami\App\GeneratedProjects\UWP\Unity.XR.WindowsMR\Unity.XR.WindowsMR.csproj", "{3569fac5-41ca-4e8a-bec8-10c02badcd2b}"
EndProject
Global
	GlobalSection(SolutionConfigurationPlatforms) = preSolution
		Debug|ARM = Debug|ARM
		Debug|x64 = Debug|x64
		Debug|x86 = Debug|x86
		Master|ARM = Master|ARM
		Master|x64 = Master|x64
		Master|x86 = Master|x86
		Release|ARM = Release|ARM
		Release|x64 = Release|x64
		Release|x86 = Release|x86
	EndGlobalSection
	GlobalSection(ProjectConfigurationPlatforms) = postSolution
		{13A45C13-3265-47B8-BC48-A553B569DF55}.Debug|ARM.ActiveCfg = Debug|ARM
		{13A45C13-3265-47B8-BC48-A553B569DF55}.Debug|ARM.Build.0 = Debug|ARM
		{13A45C13-3265-47B8-BC48-A553B569DF55}.Debug|ARM.Deploy.0 = Debug|ARM
		{13A45C13-3265-47B8-BC48-A553B569DF55}.Debug|x64.ActiveCfg = Debug|x64
		{13A45C13-3265-47B8-BC48-A553B569DF55}.Debug|x64.Build.0 = Debug|x64
		{13A45C13-3265-47B8-BC48-A553B569DF55}.Debug|x64.Deploy.0 = Debug|x64
		{13A45C13-3265-47B8-BC48-A553B569DF55}.Debug|x86.ActiveCfg = Debug|x86
		{13A45C13-3265-47B8-BC48-A553B569DF55}.Debug|x86.Build.0 = Debug|x86
		{13A45C13-3265-47B8-BC48-A553B569DF55}.Debug|x86.Deploy.0 = Debug|x86
		{13A45C13-3265-47B8-BC48-A553B569DF55}.Master|ARM.ActiveCfg = Master|ARM
		{13A45C13-3265-47B8-BC48-A553B569DF55}.Master|ARM.Build.0 = Master|ARM
		{13A45C13-3265-47B8-BC48-A553B569DF55}.Master|ARM.Deploy.0 = Master|ARM
		{13A45C13-3265-47B8-BC48-A553B569DF55}.Master|x64.ActiveCfg = Master|x64
		{13A45C13-3265-47B8-BC48-A553B569DF55}.Master|x64.Build.0 = Master|x64
		{13A45C13-3265-47B8-BC48-A553B569DF55}.Master|x64.Deploy.0 = Master|x64
		{13A45C13-3265-47B8-BC48-A553B569DF55}.Master|x86.ActiveCfg = Master|x86
		{13A45C13-3265-47B8-BC48-A553B569DF55}.Master|x86.Build.0 = Master|x86
		{13A45C13-3265-47B8-BC48-A553B569DF55}.Master|x86.Deploy.0 = Master|x86
		{13A45C13-3265-47B8-BC48-A553B569DF55}.Release|ARM.ActiveCfg = Release|ARM
		{13A45C13-3265-47B8-BC48-A553B569DF55}.Release|ARM.Build.0 = Release|ARM
		{13A45C13-3265-47B8-BC48-A553B569DF55}.Release|ARM.Deploy.0 = Release|ARM
		{13A45C13-3265-47B8-BC48-A553B569DF55}.Release|x64.ActiveCfg = Release|x64
		{13A45C13-3265-47B8-BC48-A553B569DF55}.Release|x64.Build.0 = Release|x64
		{13A45C13-3265-47B8-BC48-A553B569DF55}.Release|x64.Deploy.0 = Release|x64
		{13A45C13-3265-47B8-BC48-A553B569DF55}.Release|x86.ActiveCfg = Release|x86
		{13A45C13-3265-47B8-BC48-A553B569DF55}.Release|x86.Build.0 = Release|x86
		{13A45C13-3265-47B8-BC48-A553B569DF55}.Release|x86.Deploy.0 = Release|x86
		{d1ab3b32-3a7f-461a-8415-2a6d2947392d}.Debug|x86.ActiveCfg = Debug|x86
		{d1ab3b32-3a7f-461a-8415-2a6d2947392d}.Debug|x86.Build.0 = Debug|x86
		{d1ab3b32-3a7f-461a-8415-2a6d2947392d}.Release|x86.ActiveCfg = Release|x86
		{d1ab3b32-3a7f-461a-8415-2a6d2947392d}.Release|x86.Build.0 = Release|x86
		{d1ab3b32-3a7f-461a-8415-2a6d2947392d}.Master|x86.ActiveCfg = Master|x86
		{d1ab3b32-3a7f-461a-8415-2a6d2947392d}.Master|x86.Build.0 = Master|x86
		{d1ab3b32-3a7f-461a-8415-2a6d2947392d}.Debug|x64.ActiveCfg = Debug|x64
		{d1ab3b32-3a7f-461a-8415-2a6d2947392d}.Debug|x64.Build.0 = Debug|x64
		{d1ab3b32-3a7f-461a-8415-2a6d2947392d}.Release|x64.ActiveCfg = Release|x64
		{d1ab3b32-3a7f-461a-8415-2a6d2947392d}.Release|x64.Build.0 = Release|x64
		{d1ab3b32-3a7f-461a-8415-2a6d2947392d}.Master|x64.ActiveCfg = Master|x64
		{d1ab3b32-3a7f-461a-8415-2a6d2947392d}.Master|x64.Build.0 = Master|x64
		{d1ab3b32-3a7f-461a-8415-2a6d2947392d}.Debug|ARM.ActiveCfg = Debug|ARM
		{d1ab3b32-3a7f-461a-8415-2a6d2947392d}.Debug|ARM.Build.0 = Debug|ARM
		{d1ab3b32-3a7f-461a-8415-2a6d2947392d}.Release|ARM.ActiveCfg = Release|ARM
		{d1ab3b32-3a7f-461a-8415-2a6d2947392d}.Release|ARM.Build.0 = Release|ARM
		{d1ab3b32-3a7f-461a-8415-2a6d2947392d}.Master|ARM.ActiveCfg = Master|ARM
		{d1ab3b32-3a7f-461a-8415-2a6d2947392d}.Master|ARM.Build.0 = Master|ARM
		{fab61abe-f80a-43a0-9627-b4b9d6409895}.Debug|x86.ActiveCfg = Debug|x86
		{fab61abe-f80a-43a0-9627-b4b9d6409895}.Debug|x86.Build.0 = Debug|x86
		{fab61abe-f80a-43a0-9627-b4b9d6409895}.Release|x86.ActiveCfg = Release|x86
		{fab61abe-f80a-43a0-9627-b4b9d6409895}.Release|x86.Build.0 = Release|x86
		{fab61abe-f80a-43a0-9627-b4b9d6409895}.Master|x86.ActiveCfg = Master|x86
		{fab61abe-f80a-43a0-9627-b4b9d6409895}.Master|x86.Build.0 = Master|x86
		{fab61abe-f80a-43a0-9627-b4b9d6409895}.Debug|x64.ActiveCfg = Debug|x64
		{fab61abe-f80a-43a0-9627-b4b9d6409895}.Debug|x64.Build.0 = Debug|x64
		{fab61abe-f80a-43a0-9627-b4b9d6409895}.Release|x64.ActiveCfg = Release|x64
		{fab61abe-f80a-43a0-9627-b4b9d6409895}.Release|x64.Build.0 = Release|x64
		{fab61abe-f80a-43a0-9627-b4b9d6409895}.Master|x64.ActiveCfg = Master|x64
		{fab61abe-f80a-43a0-9627-b4b9d6409895}.Master|x64.Build.0 = Master|x64
		{fab61abe-f80a-43a0-9627-b4b9d6409895}.Debug|ARM.ActiveCfg = Debug|ARM
		{fab61abe-f80a-43a0-9627-b4b9d6409895}.Debug|ARM.Build.0 = Debug|ARM
		{fab61abe-f80a-43a0-9627-b4b9d6409895}.Release|ARM.ActiveCfg = Release|ARM
		{fab61abe-f80a-43a0-9627-b4b9d6409895}.Release|ARM.Build.0 = Release|ARM
		{fab61abe-f80a-43a0-9627-b4b9d6409895}.Master|ARM.ActiveCfg = Master|ARM
		{fab61abe-f80a-43a0-9627-b4b9d6409895}.Master|ARM.Build.0 = Master|ARM
		{4cb04368-ed38-49f6-9c88-071c991245c4}.Debug|x86.ActiveCfg = Debug|x86
		{4cb04368-ed38-49f6-9c88-071c991245c4}.Debug|x86.Build.0 = Debug|x86
		{4cb04368-ed38-49f6-9c88-071c991245c4}.Release|x86.ActiveCfg = Release|x86
		{4cb04368-ed38-49f6-9c88-071c991245c4}.Release|x86.Build.0 = Release|x86
		{4cb04368-ed38-49f6-9c88-071c991245c4}.Master|x86.ActiveCfg = Master|x86
		{4cb04368-ed38-49f6-9c88-071c991245c4}.Master|x86.Build.0 = Master|x86
		{4cb04368-ed38-49f6-9c88-071c991245c4}.Debug|x64.ActiveCfg = Debug|x64
		{4cb04368-ed38-49f6-9c88-071c991245c4}.Debug|x64.Build.0 = Debug|x64
		{4cb04368-ed38-49f6-9c88-071c991245c4}.Release|x64.ActiveCfg = Release|x64
		{4cb04368-ed38-49f6-9c88-071c991245c4}.Release|x64.Build.0 = Release|x64
		{4cb04368-ed38-49f6-9c88-071c991245c4}.Master|x64.ActiveCfg = Master|x64
		{4cb04368-ed38-49f6-9c88-071c991245c4}.Master|x64.Build.0 = Master|x64
		{4cb04368-ed38-49f6-9c88-071c991245c4}.Debug|ARM.ActiveCfg = Debug|ARM
		{4cb04368-ed38-49f6-9c88-071c991245c4}.Debug|ARM.Build.0 = Debug|ARM
		{4cb04368-ed38-49f6-9c88-071c991245c4}.Release|ARM.ActiveCfg = Release|ARM
		{4cb04368-ed38-49f6-9c88-071c991245c4}.Release|ARM.Build.0 = Release|ARM
		{4cb04368-ed38-49f6-9c88-071c991245c4}.Master|ARM.ActiveCfg = Master|ARM
		{4cb04368-ed38-49f6-9c88-071c991245c4}.Master|ARM.Build.0 = Master|ARM
		{12d96cb0-4ae5-4ded-9ed7-24745d805e59}.Debug|x86.ActiveCfg = Debug|x86
		{12d96cb0-4ae5-4ded-9ed7-24745d805e59}.Debug|x86.Build.0 = Debug|x86
		{12d96cb0-4ae5-4ded-9ed7-24745d805e59}.Release|x86.ActiveCfg = Release|x86
		{12d96cb0-4ae5-4ded-9ed7-24745d805e59}.Release|x86.Build.0 = Release|x86
		{12d96cb0-4ae5-4ded-9ed7-24745d805e59}.Master|x86.ActiveCfg = Master|x86
		{12d96cb0-4ae5-4ded-9ed7-24745d805e59}.Master|x86.Build.0 = Master|x86
		{12d96cb0-4ae5-4ded-9ed7-24745d805e59}.Debug|x64.ActiveCfg = Debug|x64
		{12d96cb0-4ae5-4ded-9ed7-24745d805e59}.Debug|x64.Build.0 = Debug|x64
		{12d96cb0-4ae5-4ded-9ed7-24745d805e59}.Release|x64.ActiveCfg = Release|x64
		{12d96cb0-4ae5-4ded-9ed7-24745d805e59}.Release|x64.Build.0 = Release|x64
		{12d96cb0-4ae5-4ded-9ed7-24745d805e59}.Master|x64.ActiveCfg = Master|x64
		{12d96cb0-4ae5-4ded-9ed7-24745d805e59}.Master|x64.Build.0 = Master|x64
		{12d96cb0-4ae5-4ded-9ed7-24745d805e59}.Debug|ARM.ActiveCfg = Debug|ARM
		{12d96cb0-4ae5-4ded-9ed7-24745d805e59}.Debug|ARM.Build.0 = Debug|ARM
		{12d96cb0-4ae5-4ded-9ed7-24745d805e59}.Release|ARM.ActiveCfg = Release|ARM
		{12d96cb0-4ae5-4ded-9ed7-24745d805e59}.Release|ARM.Build.0 = Release|ARM
		{12d96cb0-4ae5-4ded-9ed7-24745d805e59}.Master|ARM.ActiveCfg = Master|ARM
		{12d96cb0-4ae5-4ded-9ed7-24745d805e59}.Master|ARM.Build.0 = Master|ARM
		{3569fac5-41ca-4e8a-bec8-10c02badcd2b}.Debug|x86.ActiveCfg = Debug|x86
		{3569fac5-41ca-4e8a-bec8-10c02badcd2b}.Debug|x86.Build.0 = Debug|x86
		{3569fac5-41ca-4e8a-bec8-10c02badcd2b}.Release|x86.ActiveCfg = Release|x86
		{3569fac5-41ca-4e8a-bec8-10c02badcd2b}.Release|x86.Build.0 = Release|x86
		{3569fac5-41ca-4e8a-bec8-10c02badcd2b}.Master|x86.ActiveCfg = Master|x86
		{3569fac5-41ca-4e8a-bec8-10c02badcd2b}.Master|x86.Build.0 = Master|x86
		{3569fac5-41ca-4e8a-bec8-10c02badcd2b}.Debug|x64.ActiveCfg = Debug|x64
		{3569fac5-41ca-4e8a-bec8-10c02badcd2b}.Debug|x64.Build.0 = Debug|x64
		{3569fac5-41ca-4e8a-bec8-10c02badcd2b}.Release|x64.ActiveCfg = Release|x64
		{3569fac5-41ca-4e8a-bec8-10c02badcd2b}.Release|x64.Build.0 = Release|x64
		{3569fac5-41ca-4e8a-bec8-10c02badcd2b}.Master|x64.ActiveCfg = Master|x64
		{3569fac5-41ca-4e8a-bec8-10c02badcd2b}.Master|x64.Build.0 = Master|x64
		{3569fac5-41ca-4e8a-bec8-10c02badcd2b}.Debug|ARM.ActiveCfg = Debug|ARM
		{3569fac5-41ca-4e8a-bec8-10c02badcd2b}.Debug|ARM.Build.0 = Debug|ARM
		{3569fac5-41ca-4e8a-bec8-10c02badcd2b}.Release|ARM.ActiveCfg = Release|ARM
		{3569fac5-41ca-4e8a-bec8-10c02badcd2b}.Release|ARM.Build.0 = Release|ARM
		{3569fac5-41ca-4e8a-bec8-10c02badcd2b}.Master|ARM.ActiveCfg = Master|ARM
		{3569fac5-41ca-4e8a-bec8-10c02badcd2b}.Master|ARM.Build.0 = Master|ARM
 EndGlobalSection
	GlobalSection(SolutionProperties) = preSolution
		HideSolutionNode = FALSE
	EndGlobalSection
EndGlobal
